<?xml version="1.0" encoding="utf-8"?>
<Project ToolsVersion="4.0" xmlns="http://schemas.microsoft.com/developer/msbuild/2003">
  <ItemGroup>
    <Filter Include="Source Files">
      <UniqueIdentifier>{4FC737F1-C7A5-4376-A066-2A32D752A2FF}</UniqueIdentifier>
      <Extensions>cpp;c;cc;cxx;def;odl;idl;hpj;bat;asm;asmx</Extensions>
    </Filter>
    <Filter Include="Header Files">
      <UniqueIdentifier>{93995380-89BD-4b04-88EB-625FBE52EBFB}</UniqueIdentifier>
      <Extensions>h;hh;hpp;hxx;hm;inl;inc;xsd</Extensions>
    </Filter>
    <Filter Include="Resource Files">
      <UniqueIdentifier>{67DA6AB6-F800-4c08-8B7A-83BB121AAD01}</UniqueIdentifier>
      <Extensions>rc;ico;cur;bmp;dlg;rc2;rct;bin;rgs;gif;jpg;jpeg;jpe;resx;tiff;tif;png;wav;mfcribbon-ms</Extensions>
    </Filter>
    <Filter Include="Header Files\fixtures">
      <UniqueIdentifier>{a898b102-e791-40b4-b307-2853e7cb281a}</UniqueIdentifier>
    </Filter>
    <Filter Include="Source Files\fixtures">
      <UniqueIdentifier>{8f946383-a2f0-40a2-b053-d4d71bc6e3c6}</UniqueIdentifier>
    </Filter>
    <Filter Include="Source Files\tests">
      <UniqueIdentifier>{88c4815f-2b26-4883-abfa-f6d2d38885d5}</UniqueIdentifier>
    </Filter>
  </ItemGroup>
  <ItemGroup>
    <Text Include="ReadMe.txt">
      <Filter>Resource Files</Filter>
    </Text>
  </ItemGroup>
  <ItemGroup>
    <ClCompile Include="main.cpp">
      <Filter>Source Files</Filter>
    </ClCompile>
    <ClCompile Include="CalcOperationTest.cpp">
      <Filter>Source Files\tests</Filter>
    </ClCompile>
    <ClCompile Include="MultiplyCalcOperationTest.cpp">
      <Filter>Source Files\tests</Filter>
    </ClCompile>
    <ClCompile Include="StdinStreamTester.cpp">
      <Filter>Source Files</Filter>
    </ClCompile>
    <ClCompile Include="DivideCalcOperationTest.cpp">
      <Filter>Source Files\tests</Filter>
    </ClCompile>
    <ClCompile Include="AddCalcOperationTest.cpp">
      <Filter>Source Files\tests</Filter>
    </ClCompile>
  </ItemGroup>
  <ItemGroup>
    <ClInclude Include="CalcOperationTestFixture.h">
      <Filter>Header Files\fixtures</Filter>
    </ClInclude>
    <ClInclude Include="CalcOperationDataSets.h">
      <Filter>Header Files</Filter>
    </ClInclude>
    <ClInclude Include="StdinStreamTester.h">
      <Filter>Header Files\fixtures</Filter>
    </ClInclude>
  </ItemGroup>
</Project>