<?xml version="1.0" encoding="utf-8"?>
<Project ToolsVersion="4.0" xmlns="http://schemas.microsoft.com/developer/msbuild/2003">
  <ItemGroup>
    <Filter Include="Source Files">
      <UniqueIdentifier>{4FC737F1-C7A5-4376-A066-2A32D752A2FF}</UniqueIdentifier>
      <Extensions>cpp;c;cc;cxx;def;odl;idl;hpj;bat;asm;asmx</Extensions>
    </Filter>
    <Filter Include="Header Files">
      <UniqueIdentifier>{93995380-89BD-4b04-88EB-625FBE52EBFB}</UniqueIdentifier>
      <Extensions>h;hh;hpp;hxx;hm;inl;inc;xsd</Extensions>
    </Filter>
    <Filter Include="Resource Files">
      <UniqueIdentifier>{67DA6AB6-F800-4c08-8B7A-83BB121AAD01}</UniqueIdentifier>
      <Extensions>rc;ico;cur;bmp;dlg;rc2;rct;bin;rgs;gif;jpg;jpeg;jpe;resx;tiff;tif;png;wav;mfcribbon-ms</Extensions>
    </Filter>
    <Filter Include="Header Files\operations">
      <UniqueIdentifier>{ec37fc30-edc3-4337-abc0-34cf175b2ef6}</UniqueIdentifier>
    </Filter>
    <Filter Include="Source Files\operations">
      <UniqueIdentifier>{f08bcd49-b926-46e6-a8a3-b34f4dcdc39c}</UniqueIdentifier>
    </Filter>
  </ItemGroup>
  <ItemGroup>
    <ClCompile Include="Calculator.cpp">
      <Filter>Source Files</Filter>
    </ClCompile>
    <ClCompile Include="CalculatorExecutor.cpp">
      <Filter>Source Files</Filter>
    </ClCompile>
    <ClCompile Include="AddCalcOperation.cpp">
      <Filter>Source Files\operations</Filter>
    </ClCompile>
    <ClCompile Include="MultiplyCalcOperation.cpp">
      <Filter>Source Files\operations</Filter>
    </ClCompile>
    <ClCompile Include="QuitCalcOperation.cpp">
      <Filter>Source Files\operations</Filter>
    </ClCompile>
    <ClCompile Include="CalcOperationFactory.cpp">
      <Filter>Source Files\operations</Filter>
    </ClCompile>
    <ClCompile Include="ClearMemCalcOperation.cpp">
      <Filter>Source Files\operations</Filter>
    </ClCompile>
    <ClCompile Include="DivideCalcOperation.cpp">
      <Filter>Source Files\operations</Filter>
    </ClCompile>
    <ClCompile Include="SubtractCalcOperation.cpp">
      <Filter>Source Files\operations</Filter>
    </ClCompile>
    <ClCompile Include="main.cpp">
      <Filter>Source Files</Filter>
    </ClCompile>
    <ClCompile Include="InvalidCalcOperation.cpp">
      <Filter>Source Files\operations</Filter>
    </ClCompile>
  </ItemGroup>
  <ItemGroup>
    <ClInclude Include="Calculator.h">
      <Filter>Header Files</Filter>
    </ClInclude>
    <ClInclude Include="CalculatorExecutor.h">
      <Filter>Header Files</Filter>
    </ClInclude>
    <ClInclude Include="Util.h">
      <Filter>Header Files</Filter>
    </ClInclude>
    <ClInclude Include="CalcOperation.h">
      <Filter>Header Files\operations</Filter>
    </ClInclude>
    <ClInclude Include="AddCalcOperation.h">
      <Filter>Header Files\operations</Filter>
    </ClInclude>
    <ClInclude Include="OperationTypes.h">
      <Filter>Header Files\operations</Filter>
    </ClInclude>
    <ClInclude Include="QuitCalcOperation.h">
      <Filter>Header Files\operations</Filter>
    </ClInclude>
    <ClInclude Include="SubtractCalcOperation.h">
      <Filter>Header Files\operations</Filter>
    </ClInclude>
    <ClInclude Include="MultiplyCalcOperation.h">
      <Filter>Header Files\operations</Filter>
    </ClInclude>
    <ClInclude Include="DivideCalcOperation.h">
      <Filter>Header Files\operations</Filter>
    </ClInclude>
    <ClInclude Include="ClearMemCalcOperation.h">
      <Filter>Header Files\operations</Filter>
    </ClInclude>
    <ClInclude Include="CalcOperationFactory.h">
      <Filter>Header Files\operations</Filter>
    </ClInclude>
    <ClInclude Include="TwoOperandCalcOperation.h">
      <Filter>Header Files\operations</Filter>
    </ClInclude>
    <ClInclude Include="CalcErrorTypes.h">
      <Filter>Header Files</Filter>
    </ClInclude>
    <ClInclude Include="InvalidCalcOperation.h">
      <Filter>Header Files\operations</Filter>
    </ClInclude>
  </ItemGroup>
  <ItemGroup>
    <Text Include="ReadMe.txt">
      <Filter>Resource Files</Filter>
    </Text>
  </ItemGroup>
</Project>